{
  "name": "izhubo-home",
  "version": "1.0.0",
  "lockfileVersion": 1,
  "requires": true,
  "dependencies": {
    "async-validator": {
      "version": "1.7.1",
      "resolved": "https://registry.npmjs.org/async-validator/-/async-validator-1.7.1.tgz",
      "integrity": "sha1-idPXo4TKXQXg8Hv1F1TVkeLP7GE=",
      "requires": {
        "babel-runtime": "6.23.0"
      }
    },
    "babel-runtime": {
      "version": "6.23.0",
      "resolved": "https://registry.npmjs.org/babel-runtime/-/babel-runtime-6.23.0.tgz",
      "integrity": "sha1-CpSJ8UTecO+zzkMArM2zKeL8VDs=",
      "requires": {
        "core-js": "2.4.1",
        "regenerator-runtime": "0.10.5"
      }
    },
    "core-js": {
      "version": "2.4.1",
      "resolved": "https://registry.npmjs.org/core-js/-/core-js-2.4.1.tgz",
      "integrity": "sha1-TekR5mew6ukSTjQlS1OupvxhjT4="
    },
    "deepmerge": {
      "version": "1.5.0",
      "resolved": "https://registry.npmjs.org/deepmerge/-/deepmerge-1.5.0.tgz",
      "integrity": "sha512-Hm4+NyDQGgH3oYhKqR0gd99veBBZpnEUNoEfFl+3PRkQL+LKGJEBgqimeofAWzUn6aBzcaYPJrRigto/WfDzTg=="
    },
    "iview": {
      "version": "2.0.0-rc.19",
      "resolved": "https://registry.npmjs.org/iview/-/iview-2.0.0-rc.19.tgz",
      "integrity": "sha512-3bPD9ZbeW6oO9td2C9pQ9PS9Ev/SEI1quMyZEGFLxrZEvm7mN/7IaJQ7pTBvw5IQElWvEAB6CCoxY/Moq4dXTA==",
      "requires": {
        "async-validator": "1.7.1",
        "core-js": "2.4.1",
        "deepmerge": "1.5.0",
        "popper.js": "0.6.4"
      }
    },
    "jquery": {
      "version": "3.2.1",
      "resolved": "https://registry.npmjs.org/jquery/-/jquery-3.2.1.tgz",
      "integrity": "sha1-XE2d5lKvbNCncBVKYxu6ErAVx4c="
    },
    "popper.js": {
      "version": "0.6.4",
      "resolved": "https://registry.npmjs.org/popper.js/-/popper.js-0.6.4.tgz",
      "integrity": "sha1-GDfEdgr1TSuyC2b5wJuSmT2Exik="
    },
    "regenerator-runtime": {
      "version": "0.10.5",
      "resolved": "https://registry.npmjs.org/regenerator-runtime/-/regenerator-runtime-0.10.5.tgz",
      "integrity": "sha1-M2w+/BIgrc7dosn6tntaeVWjNlg="
    },
    "vue": {
      "version": "2.4.2",
      "resolved": "https://registry.npmjs.org/vue/-/vue-2.4.2.tgz",
      "integrity": "sha512-GB5r+CsrCHIB1PoXt4wgBienjF3WGYOIaTK27tDk96sZxpL5RwRrsi9I3ECwFt8x8qAmxT2xk1vsY2Vpcn9nIw=="
    },
    "vue-router": {
      "version": "2.7.0",
      "resolved": "https://registry.npmjs.org/vue-router/-/vue-router-2.7.0.tgz",
      "integrity": "sha512-kxgsT50dDExua3i103nxNBjlfk8LeUmO9iujVxXV42MnISINHUjqMrknpOOJEg+i9nEkoVgG8N86Pklze35c/A=="
    }
  }
}
